{
  "nodes": {
    "argononed": {
      "flake": false,
      "locked": {
        "lastModified": 1729566243,
        "narHash": "sha256-DPNI0Dpk5aym3Baf5UbEe5GENDrSmmXVdriRSWE+rgk=",
        "owner": "nvmd",
        "repo": "argononed",
        "rev": "16dbee54d49b66d5654d228d1061246b440ef7cf",
        "type": "github"
      },
      "original": {
        "owner": "nvmd",
        "repo": "argononed",
        "type": "github"
      }
    },
    "bmi270-src": {
      "flake": false,
      "locked": {
        "lastModified": 1682671935,
        "narHash": "sha256-IxkMWWcrsglFV5HGDMK0GBx5o0svNfRXqhW8/ZWpsUk=",
        "owner": "CoRoLab-Berlin",
        "repo": "bmi270_python",
        "rev": "8309e687d6b346455833c5d0c2734eeb56e98789",
        "type": "github"
      },
      "original": {
        "owner": "CoRoLab-Berlin",
        "repo": "bmi270_python",
        "type": "github"
      }
    },
    "flake-compat": {
      "locked": {
        "lastModified": 1767039857,
        "narHash": "sha256-vNpUSpF5Nuw8xvDLj2KCwwksIbjua2LZCqhV1LNRDns=",
        "owner": "edolstra",
        "repo": "flake-compat",
        "rev": "5edf11c44bc78a0d334f6334cdaf7d60d732daab",
        "type": "github"
      },
      "original": {
        "owner": "edolstra",
        "repo": "flake-compat",
        "type": "github"
      }
    },
    "home-manager": {
      "inputs": {
        "nixpkgs": [
          "nixpkgs"
        ]
      },
      "locked": {
        "lastModified": 1768603898,
        "narHash": "sha256-vRV1dWJOCpCal3PRr86wE2WTOMfAhTu6G7bSvOsryUo=",
        "owner": "nix-community",
        "repo": "home-manager",
        "rev": "2a63d0e9d2c72ac4d4150ebb242cf8d86f488c8c",
        "type": "github"
      },
      "original": {
        "owner": "nix-community",
        "ref": "release-25.11",
        "repo": "home-manager",
        "type": "github"
      }
    },
    "ms5837-src": {
      "flake": false,
      "locked": {
        "lastModified": 1751318302,
        "narHash": "sha256-LBwM9sTvr7IaBcY8PcsPZcAbNRWBa4hj7tUC4oOr4eM=",
        "owner": "bluerobotics",
        "repo": "ms5837-python",
        "rev": "02996d71d2f08339b3d317b3f4da0a83781c706e",
        "type": "github"
      },
      "original": {
        "owner": "bluerobotics",
        "repo": "ms5837-python",
        "type": "github"
      }
    },
    "nixos-images": {
      "inputs": {
        "nixos-stable": [
          "nixos-raspberrypi",
          "nixpkgs"
        ],
        "nixos-unstable": [
          "nixos-raspberrypi",
          "nixpkgs"
        ]
      },
      "locked": {
        "lastModified": 1747747741,
        "narHash": "sha256-LUOH27unNWbGTvZFitHonraNx0JF/55h30r9WxqrznM=",
        "owner": "nvmd",
        "repo": "nixos-images",
        "rev": "cbbd6db325775096680b65e2a32fb6187c09bbb4",
        "type": "github"
      },
      "original": {
        "owner": "nvmd",
        "ref": "sdimage-installer",
        "repo": "nixos-images",
        "type": "github"
      }
    },
    "nixos-raspberrypi": {
      "inputs": {
        "argononed": "argononed",
        "flake-compat": "flake-compat",
        "nixos-images": "nixos-images",
        "nixpkgs": "nixpkgs"
      },
      "locked": {
        "lastModified": 1768599442,
        "narHash": "sha256-y3HowshuCKVBjBFoDeVSz+LwqBIgELt17o1AcwbVl34=",
        "owner": "nvmd",
        "repo": "nixos-raspberrypi",
        "rev": "debda1e1c80544a78157353225013afff2343034",
        "type": "github"
      },
      "original": {
        "owner": "nvmd",
        "repo": "nixos-raspberrypi",
        "type": "github"
      }
    },
    "nixpkgs": {
      "locked": {
        "lastModified": 1768599367,
        "narHash": "sha256-Wi4Wv7ltAAj7Ik8PGJkpUmpjO+K4eRZsWAEYrDd37YA=",
        "owner": "nvmd",
        "repo": "nixpkgs",
        "rev": "c5f954e9abf64be4b07415cad77f8a4965a7bffb",
        "type": "github"
      },
      "original": {
        "owner": "nvmd",
        "ref": "modules-with-keys-25.11",
        "repo": "nixpkgs",
        "type": "github"
      }
    },
    "numpydantic-src": {
      "flake": false,
      "locked": {
        "lastModified": 1760160211,
        "narHash": "sha256-77MfCWIZI5jkh6q9An6cC7XUFhDW+LpSgtXcmCnPwcQ=",
        "owner": "p2p-ld",
        "repo": "numpydantic",
        "rev": "2980276ad056d7b9041b75c879b95e5c8c718d8b",
        "type": "github"
      },
      "original": {
        "owner": "p2p-ld",
        "repo": "numpydantic",
        "type": "github"
      }
    },
    "root": {
      "inputs": {
        "bmi270-src": "bmi270-src",
        "home-manager": "home-manager",
        "ms5837-src": "ms5837-src",
        "nixos-raspberrypi": "nixos-raspberrypi",
        "nixpkgs": [
          "nixos-raspberrypi",
          "nixpkgs"
        ],
        "numpydantic-src": "numpydantic-src"
      }
    }
  },
  "root": "root",
  "version": 7
}
