{
  "nodes": {
    "argononed": {
      "flake": false,
      "locked": {
        "lastModified": 1729566243,
        "narHash": "sha256-DPNI0Dpk5aym3Baf5UbEe5GENDrSmmXVdriRSWE+rgk=",
        "owner": "nvmd",
        "repo": "argononed",
        "rev": "16dbee54d49b66d5654d228d1061246b440ef7cf",
        "type": "github"
      },
      "original": {
        "owner": "nvmd",
        "repo": "argononed",
        "type": "github"
      }
    },
    "bmi270-src": {
      "flake": false,
      "locked": {
        "lastModified": 1682671935,
        "narHash": "sha256-IxkMWWcrsglFV5HGDMK0GBx5o0svNfRXqhW8/ZWpsUk=",
        "owner": "CoRoLab-Berlin",
        "repo": "bmi270_python",
        "rev": "8309e687d6b346455833c5d0c2734eeb56e98789",
        "type": "github"
      },
      "original": {
        "owner": "CoRoLab-Berlin",
        "repo": "bmi270_python",
        "type": "github"
      }
    },
    "flake-compat": {
      "locked": {
        "lastModified": 1767039857,
        "narHash": "sha256-vNpUSpF5Nuw8xvDLj2KCwwksIbjua2LZCqhV1LNRDns=",
        "owner": "edolstra",
        "repo": "flake-compat",
        "rev": "5edf11c44bc78a0d334f6334cdaf7d60d732daab",
        "type": "github"
      },
      "original": {
        "owner": "edolstra",
        "repo": "flake-compat",
        "type": "github"
      }
    },
    "home-manager": {
      "inputs": {
        "nixpkgs": [
          "impermanence",
          "nixpkgs"
        ]
      },
      "locked": {
        "lastModified": 1768598210,
        "narHash": "sha256-kkgA32s/f4jaa4UG+2f8C225Qvclxnqs76mf8zvTVPg=",
        "owner": "nix-community",
        "repo": "home-manager",
        "rev": "c47b2cc64a629f8e075de52e4742de688f930dc6",
        "type": "github"
      },
      "original": {
        "owner": "nix-community",
        "repo": "home-manager",
        "type": "github"
      }
    },
    "impermanence": {
      "inputs": {
        "home-manager": "home-manager",
        "nixpkgs": [
          "nixpkgs"
        ]
      },
      "locked": {
        "lastModified": 1769548169,
        "narHash": "sha256-03+JxvzmfwRu+5JafM0DLbxgHttOQZkUtDWBmeUkN8Y=",
        "owner": "nix-community",
        "repo": "impermanence",
        "rev": "7b1d382faf603b6d264f58627330f9faa5cba149",
        "type": "github"
      },
      "original": {
        "owner": "nix-community",
        "repo": "impermanence",
        "type": "github"
      }
    },
    "mcu-firmware-pico": {
      "flake": false,
      "locked": {
        "narHash": "sha256-lEzXurXmW6Zkhpona7BDqHISf+dDC9CrYYc+Vx8K5O4=",
        "type": "file",
        "url": "https://github.com/manafishrov/mcu-firmware/releases/download/v1.0.2/pico-v1.0.2.uf2"
      },
      "original": {
        "type": "file",
        "url": "https://github.com/manafishrov/mcu-firmware/releases/download/v1.0.2/pico-v1.0.2.uf2"
      }
    },
    "mcu-firmware-pico2": {
      "flake": false,
      "locked": {
        "narHash": "sha256-4+tiVwAMUtcFv0LO1C4bRys3qTXgNyap5T07Ms9+J+8=",
        "type": "file",
        "url": "https://github.com/manafishrov/mcu-firmware/releases/download/v1.0.2/pico2-v1.0.2.uf2"
      },
      "original": {
        "type": "file",
        "url": "https://github.com/manafishrov/mcu-firmware/releases/download/v1.0.2/pico2-v1.0.2.uf2"
      }
    },
    "ms5837-src": {
      "flake": false,
      "locked": {
        "lastModified": 1751318302,
        "narHash": "sha256-LBwM9sTvr7IaBcY8PcsPZcAbNRWBa4hj7tUC4oOr4eM=",
        "owner": "bluerobotics",
        "repo": "ms5837-python",
        "rev": "02996d71d2f08339b3d317b3f4da0a83781c706e",
        "type": "github"
      },
      "original": {
        "owner": "bluerobotics",
        "repo": "ms5837-python",
        "type": "github"
      }
    },
    "nixos-images": {
      "inputs": {
        "nixos-stable": [
          "nixos-raspberrypi",
          "nixpkgs"
        ],
        "nixos-unstable": [
          "nixos-raspberrypi",
          "nixpkgs"
        ]
      },
      "locked": {
        "lastModified": 1747747741,
        "narHash": "sha256-LUOH27unNWbGTvZFitHonraNx0JF/55h30r9WxqrznM=",
        "owner": "nvmd",
        "repo": "nixos-images",
        "rev": "cbbd6db325775096680b65e2a32fb6187c09bbb4",
        "type": "github"
      },
      "original": {
        "owner": "nvmd",
        "ref": "sdimage-installer",
        "repo": "nixos-images",
        "type": "github"
      }
    },
    "nixos-raspberrypi": {
      "inputs": {
        "argononed": "argononed",
        "flake-compat": "flake-compat",
        "nixos-images": "nixos-images",
        "nixpkgs": "nixpkgs"
      },
      "locked": {
        "lastModified": 1778094042,
        "narHash": "sha256-fQmnEEfsoq5ek471hCzmS/19w0AYwL/9P5HBDpkvW4s=",
        "owner": "nvmd",
        "repo": "nixos-raspberrypi",
        "rev": "8092648247da085d42aee356b8e2146f6f0abaa5",
        "type": "github"
      },
      "original": {
        "owner": "nvmd",
        "repo": "nixos-raspberrypi",
        "type": "github"
      }
    },
    "nixpkgs": {
      "locked": {
        "lastModified": 1778003029,
        "narHash": "sha256-q/nkKLDtHIyLjZpKhWk3cSK5IYsFqtMd6UtXF3ddjgA=",
        "owner": "NixOS",
        "repo": "nixpkgs",
        "rev": "0c88e1f2bdb93d5999019e99cb0e61e1fe2af4c5",
        "type": "github"
      },
      "original": {
        "owner": "NixOS",
        "ref": "nixos-25.11",
        "repo": "nixpkgs",
        "type": "github"
      }
    },
    "numpydantic-src": {
      "flake": false,
      "locked": {
        "lastModified": 1776124839,
        "narHash": "sha256-8yg+M4SP62horlQY6u4Mp1mNIgVNOSd/NOvjspnw/gw=",
        "owner": "p2p-ld",
        "repo": "numpydantic",
        "rev": "952a740e00785d2343dd204fd1d646fb906c96fc",
        "type": "github"
      },
      "original": {
        "owner": "p2p-ld",
        "repo": "numpydantic",
        "type": "github"
      }
    },
    "root": {
      "inputs": {
        "bmi270-src": "bmi270-src",
        "impermanence": "impermanence",
        "mcu-firmware-pico": "mcu-firmware-pico",
        "mcu-firmware-pico2": "mcu-firmware-pico2",
        "ms5837-src": "ms5837-src",
        "nixos-raspberrypi": "nixos-raspberrypi",
        "nixpkgs": [
          "nixos-raspberrypi",
          "nixpkgs"
        ],
        "numpydantic-src": "numpydantic-src",
        "treefmt-nix": "treefmt-nix"
      }
    },
    "treefmt-nix": {
      "inputs": {
        "nixpkgs": [
          "nixpkgs"
        ]
      },
      "locked": {
        "lastModified": 1775636079,
        "narHash": "sha256-pc20NRoMdiar8oPQceQT47UUZMBTiMdUuWrYu2obUP0=",
        "owner": "numtide",
        "repo": "treefmt-nix",
        "rev": "790751ff7fd3801feeaf96d7dc416a8d581265ba",
        "type": "github"
      },
      "original": {
        "owner": "numtide",
        "repo": "treefmt-nix",
        "type": "github"
      }
    }
  },
  "root": "root",
  "version": 7
}
